# THIS IS AN AUTOGENERATED FILE. DO NOT EDIT THIS FILE DIRECTLY.
# yarn lockfile v1


decimal.js@^10.3.1:
  version "10.3.1"
  resolved "https://registry.yarnpkg.com/decimal.js/-/decimal.js-10.3.1.tgz#d8c3a444a9c6774ba60ca6ad7261c3a94fd5e783"
  integrity sha512-V0pfhfr8suzyPGOx3nmq4aHqabehUZn6Ch9kyFpV79TGDTWFmHqUqXdabR7QHqxzrYolF4+tVmJhUG4OURg5dQ==

purty@^7.0.0:
  version "7.0.0"
  resolved "https://registry.yarnpkg.com/purty/-/purty-7.0.0.tgz#3a714a2155f543118c6831e1fb41b84d17de2b59"
  integrity sha512-gHHghPEjRY39GUJ8KnOMRfPArJILGCXwEhX6BmEdNiLgZuCjLLBLyawGiKFjYMfy8H5Dsk5NbgwIGslrPrernA==
